
Microsoft Visual Studio Solution File, Format Version 12.00
# Visual Studio 15
VisualStudioVersion = 15.0.28010.2050
MinimumVisualStudioVersion = 10.0.40219.1
Project("{FAE04EC0-301F-11D3-BF4B-00C04F79EFBC}") = "WindowsInlämning2", "WindowsInlämning2\WindowsInlämning2.csproj", "{F6C8D464-46A5-4337-8BC3-4C6A8F407634}"
EndProject
Global
	GlobalSection(SolutionConfigurationPlatforms) = preSolution
		Debug|Any CPU = Debug|Any CPU
		Release|Any CPU = Release|Any CPU
	EndGlobalSection
	GlobalSection(ProjectConfigurationPlatforms) = postSolution
		{F6C8D464-46A5-4337-8BC3-4C6A8F407634}.Debug|Any CPU.ActiveCfg = Debug|Any CPU
		{F6C8D464-46A5-4337-8BC3-4C6A8F407634}.Debug|Any CPU.Build.0 = Debug|Any CPU
		{F6C8D464-46A5-4337-8BC3-4C6A8F407634}.Release|Any CPU.ActiveCfg = Release|Any CPU
		{F6C8D464-46A5-4337-8BC3-4C6A8F407634}.Release|Any CPU.Build.0 = Release|Any CPU
	EndGlobalSection
	GlobalSection(SolutionProperties) = preSolution
		HideSolutionNode = FALSE
	EndGlobalSection
	GlobalSection(ExtensibilityGlobals) = postSolution
		SolutionGuid = {A7E6AD1C-BC14-4992-B20F-8491EF8C39B4}
	EndGlobalSection
EndGlobal
